
Microsoft Visual Studio Solution File, Format Version 12.00
# Visual Studio 15
VisualStudioVersion = 15.0.28307.102
MinimumVisualStudioVersion = 10.0.40219.1
Project("{FAE04EC0-301F-11D3-BF4B-00C04F79EFBC}") = "Terabyte", "Terabyte\Terabyte.csproj", "{4E166F03-1E97-4A7B-8A4B-5FBAC2EC663D}"
EndProject
Global
	GlobalSection(SolutionConfigurationPlatforms) = preSolution
		Debug|Any CPU = Debug|Any CPU
		Release|Any CPU = Release|Any CPU
	EndGlobalSection
	GlobalSection(ProjectConfigurationPlatforms) = postSolution
		{4E166F03-1E97-4A7B-8A4B-5FBAC2EC663D}.Debug|Any CPU.ActiveCfg = Debug|Any CPU
		{4E166F03-1E97-4A7B-8A4B-5FBAC2EC663D}.Debug|Any CPU.Build.0 = Debug|Any CPU
		{4E166F03-1E97-4A7B-8A4B-5FBAC2EC663D}.Release|Any CPU.ActiveCfg = Release|Any CPU
		{4E166F03-1E97-4A7B-8A4B-5FBAC2EC663D}.Release|Any CPU.Build.0 = Release|Any CPU
	EndGlobalSection
	GlobalSection(SolutionProperties) = preSolution
		HideSolutionNode = FALSE
	EndGlobalSection
	GlobalSection(ExtensibilityGlobals) = postSolution
		SolutionGuid = {36CE6598-7DFF-4081-8C7E-6860583619FB}
	EndGlobalSection
EndGlobal
